// !$*UTF8*$!
{
	archiveVersion = 1;
	classes = {
	};
	objectVersion = 56;
	objects = {

/* Begin PBXBuildFile section */
		C40CD72B2AEACAB400E722F1 /* CompetitionUIModel.swift in Sources */ = {isa = PBXBuildFile; fileRef = C40CD72A2AEACAB400E722F1 /* CompetitionUIModel.swift */; };
		C4137DE22AE7200A00063761 /* DIManager.swift in Sources */ = {isa = PBXBuildFile; fileRef = C4137DE12AE7200A00063761 /* DIManager.swift */; };
		C4137DE42AE725AE00063761 /* DIProperty.swift in Sources */ = {isa = PBXBuildFile; fileRef = C4137DE32AE725AE00063761 /* DIProperty.swift */; };
		C4137DEA2AE72E1300063761 /* DIExtensions.swift in Sources */ = {isa = PBXBuildFile; fileRef = C4137DE92AE72E1200063761 /* DIExtensions.swift */; };
		C42F20F22AD861A700D45D7B /* Football_GeekApp.swift in Sources */ = {isa = PBXBuildFile; fileRef = C42F20F12AD861A700D45D7B /* Football_GeekApp.swift */; };
		C42F20F82AD861A900D45D7B /* Assets.xcassets in Resources */ = {isa = PBXBuildFile; fileRef = C42F20F72AD861A900D45D7B /* Assets.xcassets */; };
		C42F20FB2AD861A900D45D7B /* Preview Assets.xcassets in Resources */ = {isa = PBXBuildFile; fileRef = C42F20FA2AD861A900D45D7B /* Preview Assets.xcassets */; };
		C42F21052AD861A900D45D7B /* Football_GeekTests.swift in Sources */ = {isa = PBXBuildFile; fileRef = C42F21042AD861A900D45D7B /* Football_GeekTests.swift */; };
		C42F210F2AD861A900D45D7B /* Football_GeekUITests.swift in Sources */ = {isa = PBXBuildFile; fileRef = C42F210E2AD861A900D45D7B /* Football_GeekUITests.swift */; };
		C42F21112AD861A900D45D7B /* Football_GeekUITestsLaunchTests.swift in Sources */ = {isa = PBXBuildFile; fileRef = C42F21102AD861A900D45D7B /* Football_GeekUITestsLaunchTests.swift */; };
		C42F211E2AD8647F00D45D7B /* StandingsContent.swift in Sources */ = {isa = PBXBuildFile; fileRef = C42F211D2AD8647F00D45D7B /* StandingsContent.swift */; };
		C42F21212AD864CB00D45D7B /* StandingsUIModel.swift in Sources */ = {isa = PBXBuildFile; fileRef = C42F21202AD864CB00D45D7B /* StandingsUIModel.swift */; };
		C42F21242AD8692800D45D7B /* StandingScreenViewModel.swift in Sources */ = {isa = PBXBuildFile; fileRef = C42F21232AD8692800D45D7B /* StandingScreenViewModel.swift */; };
		C42F212C2AD87D6100D45D7B /* ViewModel.swift in Sources */ = {isa = PBXBuildFile; fileRef = C42F212B2AD87D6100D45D7B /* ViewModel.swift */; };
		C42F212E2AD87EE700D45D7B /* StandingsContract.swift in Sources */ = {isa = PBXBuildFile; fileRef = C42F212D2AD87EE700D45D7B /* StandingsContract.swift */; };
		C42F21332AD8803F00D45D7B /* UIEffect.swift in Sources */ = {isa = PBXBuildFile; fileRef = C42F21322AD8803F00D45D7B /* UIEffect.swift */; };
		C43F2F362ADD9984002AB159 /* StandingsService.swift in Sources */ = {isa = PBXBuildFile; fileRef = C43F2F352ADD9984002AB159 /* StandingsService.swift */; };
		C43F2F3B2ADD9B5C002AB159 /* StandingsServiceImpl.swift in Sources */ = {isa = PBXBuildFile; fileRef = C43F2F3A2ADD9B5C002AB159 /* StandingsServiceImpl.swift */; };
		C43F2F3E2ADD9B8E002AB159 /* StandingsModel.swift in Sources */ = {isa = PBXBuildFile; fileRef = C43F2F3D2ADD9B8E002AB159 /* StandingsModel.swift */; };
		C43F2F4A2ADDA01F002AB159 /* NetworkError.swift in Sources */ = {isa = PBXBuildFile; fileRef = C43F2F492ADDA01F002AB159 /* NetworkError.swift */; };
		C43F2F4D2ADDA31C002AB159 /* GetStandingsUseCase.swift in Sources */ = {isa = PBXBuildFile; fileRef = C43F2F4C2ADDA31C002AB159 /* GetStandingsUseCase.swift */; };
		C43F2F4F2ADDA323002AB159 /* UseCase.swift in Sources */ = {isa = PBXBuildFile; fileRef = C43F2F4E2ADDA323002AB159 /* UseCase.swift */; };
		C457278C2AE058180054195B /* StandingsData.swift in Sources */ = {isa = PBXBuildFile; fileRef = C457278B2AE058180054195B /* StandingsData.swift */; };
		C457278E2AE058360054195B /* StandingTables.swift in Sources */ = {isa = PBXBuildFile; fileRef = C457278D2AE058360054195B /* StandingTables.swift */; };
		C45727912AE16CBC0054195B /* HomeContent.swift in Sources */ = {isa = PBXBuildFile; fileRef = C45727902AE16CBC0054195B /* HomeContent.swift */; };
		C45727942AE16D5B0054195B /* SettingsContent.swift in Sources */ = {isa = PBXBuildFile; fileRef = C45727932AE16D5B0054195B /* SettingsContent.swift */; };
		C45727972AE18FA90054195B /* SettingsContract.swift in Sources */ = {isa = PBXBuildFile; fileRef = C45727962AE18FA90054195B /* SettingsContract.swift */; };
		C457279A2AE191950054195B /* CommonUI.swift in Sources */ = {isa = PBXBuildFile; fileRef = C45727992AE191950054195B /* CommonUI.swift */; };
		C457279C2AE197280054195B /* SettingsViewModel.swift in Sources */ = {isa = PBXBuildFile; fileRef = C457279B2AE197280054195B /* SettingsViewModel.swift */; };
		C457279F2AE19A180054195B /* KeyValueStorage.swift in Sources */ = {isa = PBXBuildFile; fileRef = C457279E2AE19A180054195B /* KeyValueStorage.swift */; };
		C45727A12AE19C4F0054195B /* SaveCacheIsOnUseCase.swift in Sources */ = {isa = PBXBuildFile; fileRef = C45727A02AE19C4F0054195B /* SaveCacheIsOnUseCase.swift */; };
		C45727A32AE19D6F0054195B /* GetCacheCanBeUsed.swift in Sources */ = {isa = PBXBuildFile; fileRef = C45727A22AE19D6F0054195B /* GetCacheCanBeUsed.swift */; };
		C45727A52AE19DC80054195B /* ArgumentedUseCase.swift in Sources */ = {isa = PBXBuildFile; fileRef = C45727A42AE19DC80054195B /* ArgumentedUseCase.swift */; };
		C45727A82AE1A4D00054195B /* LocalData.xcdatamodeld in Sources */ = {isa = PBXBuildFile; fileRef = C45727A62AE1A4D00054195B /* LocalData.xcdatamodeld */; };
		C45727AA2AE1A6360054195B /* PersistenceController.swift in Sources */ = {isa = PBXBuildFile; fileRef = C45727A92AE1A6360054195B /* PersistenceController.swift */; };
		C46217192AE1CAE80076C04D /* ModelsExtension.swift in Sources */ = {isa = PBXBuildFile; fileRef = C46217182AE1CAE80076C04D /* ModelsExtension.swift */; };
		C485AE122AE1AB0A00627ED8 /* LocalRepository.swift in Sources */ = {isa = PBXBuildFile; fileRef = C485AE112AE1AB0900627ED8 /* LocalRepository.swift */; };
		C485AE142AE1AB3800627ED8 /* LocalRepositoryImpl.swift in Sources */ = {isa = PBXBuildFile; fileRef = C485AE132AE1AB3800627ED8 /* LocalRepositoryImpl.swift */; };
		C496FA3A2AEB33C300140CA2 /* GetLocalStandingsUseCase.swift in Sources */ = {isa = PBXBuildFile; fileRef = C496FA392AEB33C300140CA2 /* GetLocalStandingsUseCase.swift */; };
		C49CEA812AEAEA570049355C /* StandingsLocalModel.swift in Sources */ = {isa = PBXBuildFile; fileRef = C49CEA802AEAEA570049355C /* StandingsLocalModel.swift */; };
		C49CEA832AEAEB0B0049355C /* ViewModelsExtension.swift in Sources */ = {isa = PBXBuildFile; fileRef = C49CEA822AEAEB0B0049355C /* ViewModelsExtension.swift */; };
		C4A362362AEAC24800AF4A2C /* Competition.swift in Sources */ = {isa = PBXBuildFile; fileRef = C4A362352AEAC24800AF4A2C /* Competition.swift */; };
		C4A362382AEAC48800AF4A2C /* StandingsItems.swift in Sources */ = {isa = PBXBuildFile; fileRef = C4A362372AEAC48800AF4A2C /* StandingsItems.swift */; };
		C4A3623A2AEAC5A200AF4A2C /* StandingsCompetitionItem.swift in Sources */ = {isa = PBXBuildFile; fileRef = C4A362392AEAC5A200AF4A2C /* StandingsCompetitionItem.swift */; };
		C4A3623C2AEAC6D500AF4A2C /* GetCompetitionsUseCase.swift in Sources */ = {isa = PBXBuildFile; fileRef = C4A3623B2AEAC6D500AF4A2C /* GetCompetitionsUseCase.swift */; };
		C4B66D562AE29AE00036777E /* TimeHelper.swift in Sources */ = {isa = PBXBuildFile; fileRef = C4B66D552AE29AE00036777E /* TimeHelper.swift */; };
		C4C8F0142AEB0FC000CA2587 /* RefreshLocalStandingsUseCase.swift in Sources */ = {isa = PBXBuildFile; fileRef = C4C8F0132AEB0FC000CA2587 /* RefreshLocalStandingsUseCase.swift */; };
		C4C8F0172AEB184E00CA2587 /* Alamofire in Frameworks */ = {isa = PBXBuildFile; productRef = C4C8F0162AEB184E00CA2587 /* Alamofire */; };
		C4C8F0192AEB18AB00CA2587 /* Connectivity.swift in Sources */ = {isa = PBXBuildFile; fileRef = C4C8F0182AEB18AB00CA2587 /* Connectivity.swift */; };
		C4C8F01B2AEB1B0F00CA2587 /* InternetWarningContent.swift in Sources */ = {isa = PBXBuildFile; fileRef = C4C8F01A2AEB1B0F00CA2587 /* InternetWarningContent.swift */; };
		C4D508752AE8346100223896 /* DropDownMenu.swift in Sources */ = {isa = PBXBuildFile; fileRef = C4D508742AE8346100223896 /* DropDownMenu.swift */; };
		C4D508772AE839C800223896 /* DropDownTimeModel.swift in Sources */ = {isa = PBXBuildFile; fileRef = C4D508762AE839C800223896 /* DropDownTimeModel.swift */; };
/* End PBXBuildFile section */

/* Begin PBXContainerItemProxy section */
		C42F21012AD861A900D45D7B /* PBXContainerItemProxy */ = {
			isa = PBXContainerItemProxy;
			containerPortal = C42F20E62AD861A700D45D7B /* Project object */;
			proxyType = 1;
			remoteGlobalIDString = C42F20ED2AD861A700D45D7B;
			remoteInfo = "Football Geek";
		};
		C42F210B2AD861A900D45D7B /* PBXContainerItemProxy */ = {
			isa = PBXContainerItemProxy;
			containerPortal = C42F20E62AD861A700D45D7B /* Project object */;
			proxyType = 1;
			remoteGlobalIDString = C42F20ED2AD861A700D45D7B;
			remoteInfo = "Football Geek";
		};
/* End PBXContainerItemProxy section */

/* Begin PBXFileReference section */
		C40CD72A2AEACAB400E722F1 /* CompetitionUIModel.swift */ = {isa = PBXFileReference; lastKnownFileType = sourcecode.swift; path = CompetitionUIModel.swift; sourceTree = "<group>"; };
		C4137DE12AE7200A00063761 /* DIManager.swift */ = {isa = PBXFileReference; lastKnownFileType = sourcecode.swift; path = DIManager.swift; sourceTree = "<group>"; };
		C4137DE32AE725AE00063761 /* DIProperty.swift */ = {isa = PBXFileReference; lastKnownFileType = sourcecode.swift; path = DIProperty.swift; sourceTree = "<group>"; };
		C4137DE92AE72E1200063761 /* DIExtensions.swift */ = {isa = PBXFileReference; lastKnownFileType = sourcecode.swift; path = DIExtensions.swift; sourceTree = "<group>"; };
		C42F20EE2AD861A700D45D7B /* Football Geek.app */ = {isa = PBXFileReference; explicitFileType = wrapper.application; includeInIndex = 0; path = "Football Geek.app"; sourceTree = BUILT_PRODUCTS_DIR; };
		C42F20F12AD861A700D45D7B /* Football_GeekApp.swift */ = {isa = PBXFileReference; lastKnownFileType = sourcecode.swift; path = Football_GeekApp.swift; sourceTree = "<group>"; };
		C42F20F72AD861A900D45D7B /* Assets.xcassets */ = {isa = PBXFileReference; lastKnownFileType = folder.assetcatalog; path = Assets.xcassets; sourceTree = "<group>"; };
		C42F20FA2AD861A900D45D7B /* Preview Assets.xcassets */ = {isa = PBXFileReference; lastKnownFileType = folder.assetcatalog; path = "Preview Assets.xcassets"; sourceTree = "<group>"; };
		C42F21002AD861A900D45D7B /* Football GeekTests.xctest */ = {isa = PBXFileReference; explicitFileType = wrapper.cfbundle; includeInIndex = 0; path = "Football GeekTests.xctest"; sourceTree = BUILT_PRODUCTS_DIR; };
		C42F21042AD861A900D45D7B /* Football_GeekTests.swift */ = {isa = PBXFileReference; lastKnownFileType = sourcecode.swift; path = Football_GeekTests.swift; sourceTree = "<group>"; };
		C42F210A2AD861A900D45D7B /* Football GeekUITests.xctest */ = {isa = PBXFileReference; explicitFileType = wrapper.cfbundle; includeInIndex = 0; path = "Football GeekUITests.xctest"; sourceTree = BUILT_PRODUCTS_DIR; };
		C42F210E2AD861A900D45D7B /* Football_GeekUITests.swift */ = {isa = PBXFileReference; lastKnownFileType = sourcecode.swift; path = Football_GeekUITests.swift; sourceTree = "<group>"; };
		C42F21102AD861A900D45D7B /* Football_GeekUITestsLaunchTests.swift */ = {isa = PBXFileReference; lastKnownFileType = sourcecode.swift; path = Football_GeekUITestsLaunchTests.swift; sourceTree = "<group>"; };
		C42F211D2AD8647F00D45D7B /* StandingsContent.swift */ = {isa = PBXFileReference; lastKnownFileType = sourcecode.swift; path = StandingsContent.swift; sourceTree = "<group>"; };
		C42F21202AD864CB00D45D7B /* StandingsUIModel.swift */ = {isa = PBXFileReference; lastKnownFileType = sourcecode.swift; path = StandingsUIModel.swift; sourceTree = "<group>"; };
		C42F21232AD8692800D45D7B /* StandingScreenViewModel.swift */ = {isa = PBXFileReference; lastKnownFileType = sourcecode.swift; path = StandingScreenViewModel.swift; sourceTree = "<group>"; };
		C42F212B2AD87D6100D45D7B /* ViewModel.swift */ = {isa = PBXFileReference; lastKnownFileType = sourcecode.swift; path = ViewModel.swift; sourceTree = "<group>"; };
		C42F212D2AD87EE700D45D7B /* StandingsContract.swift */ = {isa = PBXFileReference; lastKnownFileType = sourcecode.swift; path = StandingsContract.swift; sourceTree = "<group>"; };
		C42F21322AD8803F00D45D7B /* UIEffect.swift */ = {isa = PBXFileReference; lastKnownFileType = sourcecode.swift; path = UIEffect.swift; sourceTree = "<group>"; };
		C43F2F352ADD9984002AB159 /* StandingsService.swift */ = {isa = PBXFileReference; lastKnownFileType = sourcecode.swift; path = StandingsService.swift; sourceTree = "<group>"; };
		C43F2F3A2ADD9B5C002AB159 /* StandingsServiceImpl.swift */ = {isa = PBXFileReference; lastKnownFileType = sourcecode.swift; path = StandingsServiceImpl.swift; sourceTree = "<group>"; };
		C43F2F3D2ADD9B8E002AB159 /* StandingsModel.swift */ = {isa = PBXFileReference; lastKnownFileType = sourcecode.swift; path = StandingsModel.swift; sourceTree = "<group>"; };
		C43F2F492ADDA01F002AB159 /* NetworkError.swift */ = {isa = PBXFileReference; lastKnownFileType = sourcecode.swift; path = NetworkError.swift; sourceTree = "<group>"; };
		C43F2F4C2ADDA31C002AB159 /* GetStandingsUseCase.swift */ = {isa = PBXFileReference; lastKnownFileType = sourcecode.swift; path = GetStandingsUseCase.swift; sourceTree = "<group>"; };
		C43F2F4E2ADDA323002AB159 /* UseCase.swift */ = {isa = PBXFileReference; lastKnownFileType = sourcecode.swift; path = UseCase.swift; sourceTree = "<group>"; };
		C457278B2AE058180054195B /* StandingsData.swift */ = {isa = PBXFileReference; lastKnownFileType = sourcecode.swift; path = StandingsData.swift; sourceTree = "<group>"; };
		C457278D2AE058360054195B /* StandingTables.swift */ = {isa = PBXFileReference; lastKnownFileType = sourcecode.swift; path = StandingTables.swift; sourceTree = "<group>"; };
		C45727902AE16CBC0054195B /* HomeContent.swift */ = {isa = PBXFileReference; lastKnownFileType = sourcecode.swift; path = HomeContent.swift; sourceTree = "<group>"; };
		C45727932AE16D5B0054195B /* SettingsContent.swift */ = {isa = PBXFileReference; lastKnownFileType = sourcecode.swift; path = SettingsContent.swift; sourceTree = "<group>"; };
		C45727962AE18FA90054195B /* SettingsContract.swift */ = {isa = PBXFileReference; lastKnownFileType = sourcecode.swift; path = SettingsContract.swift; sourceTree = "<group>"; };
		C45727992AE191950054195B /* CommonUI.swift */ = {isa = PBXFileReference; lastKnownFileType = sourcecode.swift; path = CommonUI.swift; sourceTree = "<group>"; };
		C457279B2AE197280054195B /* SettingsViewModel.swift */ = {isa = PBXFileReference; lastKnownFileType = sourcecode.swift; path = SettingsViewModel.swift; sourceTree = "<group>"; };
		C457279E2AE19A180054195B /* KeyValueStorage.swift */ = {isa = PBXFileReference; lastKnownFileType = sourcecode.swift; path = KeyValueStorage.swift; sourceTree = "<group>"; };
		C45727A02AE19C4F0054195B /* SaveCacheIsOnUseCase.swift */ = {isa = PBXFileReference; lastKnownFileType = sourcecode.swift; path = SaveCacheIsOnUseCase.swift; sourceTree = "<group>"; };
		C45727A22AE19D6F0054195B /* GetCacheCanBeUsed.swift */ = {isa = PBXFileReference; lastKnownFileType = sourcecode.swift; path = GetCacheCanBeUsed.swift; sourceTree = "<group>"; };
		C45727A42AE19DC80054195B /* ArgumentedUseCase.swift */ = {isa = PBXFileReference; lastKnownFileType = sourcecode.swift; path = ArgumentedUseCase.swift; sourceTree = "<group>"; };
		C45727A72AE1A4D00054195B /* LocalData.xcdatamodel */ = {isa = PBXFileReference; lastKnownFileType = wrapper.xcdatamodel; path = LocalData.xcdatamodel; sourceTree = "<group>"; };
		C45727A92AE1A6360054195B /* PersistenceController.swift */ = {isa = PBXFileReference; lastKnownFileType = sourcecode.swift; path = PersistenceController.swift; sourceTree = "<group>"; };
		C46217182AE1CAE80076C04D /* ModelsExtension.swift */ = {isa = PBXFileReference; lastKnownFileType = sourcecode.swift; path = ModelsExtension.swift; sourceTree = "<group>"; };
		C485AE112AE1AB0900627ED8 /* LocalRepository.swift */ = {isa = PBXFileReference; lastKnownFileType = sourcecode.swift; path = LocalRepository.swift; sourceTree = "<group>"; };
		C485AE132AE1AB3800627ED8 /* LocalRepositoryImpl.swift */ = {isa = PBXFileReference; lastKnownFileType = sourcecode.swift; path = LocalRepositoryImpl.swift; sourceTree = "<group>"; };
		C496FA392AEB33C300140CA2 /* GetLocalStandingsUseCase.swift */ = {isa = PBXFileReference; lastKnownFileType = sourcecode.swift; path = GetLocalStandingsUseCase.swift; sourceTree = "<group>"; };
		C49CEA802AEAEA570049355C /* StandingsLocalModel.swift */ = {isa = PBXFileReference; lastKnownFileType = sourcecode.swift; path = StandingsLocalModel.swift; sourceTree = "<group>"; };
		C49CEA822AEAEB0B0049355C /* ViewModelsExtension.swift */ = {isa = PBXFileReference; lastKnownFileType = sourcecode.swift; path = ViewModelsExtension.swift; sourceTree = "<group>"; };
		C4A362352AEAC24800AF4A2C /* Competition.swift */ = {isa = PBXFileReference; lastKnownFileType = sourcecode.swift; path = Competition.swift; sourceTree = "<group>"; };
		C4A362372AEAC48800AF4A2C /* StandingsItems.swift */ = {isa = PBXFileReference; lastKnownFileType = sourcecode.swift; path = StandingsItems.swift; sourceTree = "<group>"; };
		C4A362392AEAC5A200AF4A2C /* StandingsCompetitionItem.swift */ = {isa = PBXFileReference; lastKnownFileType = sourcecode.swift; path = StandingsCompetitionItem.swift; sourceTree = "<group>"; };
		C4A3623B2AEAC6D500AF4A2C /* GetCompetitionsUseCase.swift */ = {isa = PBXFileReference; lastKnownFileType = sourcecode.swift; path = GetCompetitionsUseCase.swift; sourceTree = "<group>"; };
		C4B66D552AE29AE00036777E /* TimeHelper.swift */ = {isa = PBXFileReference; lastKnownFileType = sourcecode.swift; path = TimeHelper.swift; sourceTree = "<group>"; };
		C4C8F0132AEB0FC000CA2587 /* RefreshLocalStandingsUseCase.swift */ = {isa = PBXFileReference; lastKnownFileType = sourcecode.swift; path = RefreshLocalStandingsUseCase.swift; sourceTree = "<group>"; };
		C4C8F0182AEB18AB00CA2587 /* Connectivity.swift */ = {isa = PBXFileReference; lastKnownFileType = sourcecode.swift; path = Connectivity.swift; sourceTree = "<group>"; };
		C4C8F01A2AEB1B0F00CA2587 /* InternetWarningContent.swift */ = {isa = PBXFileReference; lastKnownFileType = sourcecode.swift; path = InternetWarningContent.swift; sourceTree = "<group>"; };
		C4D508742AE8346100223896 /* DropDownMenu.swift */ = {isa = PBXFileReference; lastKnownFileType = sourcecode.swift; path = DropDownMenu.swift; sourceTree = "<group>"; };
		C4D508762AE839C800223896 /* DropDownTimeModel.swift */ = {isa = PBXFileReference; lastKnownFileType = sourcecode.swift; path = DropDownTimeModel.swift; sourceTree = "<group>"; };
/* End PBXFileReference section */

/* Begin PBXFrameworksBuildPhase section */
		C42F20EB2AD861A700D45D7B /* Frameworks */ = {
			isa = PBXFrameworksBuildPhase;
			buildActionMask = 2147483647;
			files = (
				C4C8F0172AEB184E00CA2587 /* Alamofire in Frameworks */,
			);
			runOnlyForDeploymentPostprocessing = 0;
		};
		C42F20FD2AD861A900D45D7B /* Frameworks */ = {
			isa = PBXFrameworksBuildPhase;
			buildActionMask = 2147483647;
			files = (
			);
			runOnlyForDeploymentPostprocessing = 0;
		};
		C42F21072AD861A900D45D7B /* Frameworks */ = {
			isa = PBXFrameworksBuildPhase;
			buildActionMask = 2147483647;
			files = (
			);
			runOnlyForDeploymentPostprocessing = 0;
		};
/* End PBXFrameworksBuildPhase section */

/* Begin PBXGroup section */
		C40CD72C2AEAE7F000E722F1 /* StandingsScreenItems */ = {
			isa = PBXGroup;
			children = (
				C4A362372AEAC48800AF4A2C /* StandingsItems.swift */,
				C4A362392AEAC5A200AF4A2C /* StandingsCompetitionItem.swift */,
				C4C8F01A2AEB1B0F00CA2587 /* InternetWarningContent.swift */,
			);
			path = StandingsScreenItems;
			sourceTree = "<group>";
		};
		C4137DE02AE71FCC00063761 /* DI */ = {
			isa = PBXGroup;
			children = (
				C4137DE12AE7200A00063761 /* DIManager.swift */,
				C4137DE32AE725AE00063761 /* DIProperty.swift */,
				C4137DE92AE72E1200063761 /* DIExtensions.swift */,
			);
			path = DI;
			sourceTree = "<group>";
		};
		C42F20E52AD861A700D45D7B = {
			isa = PBXGroup;
			children = (
				C45727A62AE1A4D00054195B /* LocalData.xcdatamodeld */,
				C42F20F02AD861A700D45D7B /* Football Geek */,
				C42F21032AD861A900D45D7B /* Football GeekTests */,
				C42F210D2AD861A900D45D7B /* Football GeekUITests */,
				C42F20EF2AD861A700D45D7B /* Products */,
			);
			sourceTree = "<group>";
		};
		C42F20EF2AD861A700D45D7B /* Products */ = {
			isa = PBXGroup;
			children = (
				C42F20EE2AD861A700D45D7B /* Football Geek.app */,
				C42F21002AD861A900D45D7B /* Football GeekTests.xctest */,
				C42F210A2AD861A900D45D7B /* Football GeekUITests.xctest */,
			);
			name = Products;
			sourceTree = "<group>";
		};
		C42F20F02AD861A700D45D7B /* Football Geek */ = {
			isa = PBXGroup;
			children = (
				C4137DE02AE71FCC00063761 /* DI */,
				C4B66D542AE29AD70036777E /* Utils */,
				C43F2F4B2ADDA30E002AB159 /* UseCase */,
				C43F2F3C2ADD9B7A002AB159 /* DAO */,
				C43F2F342ADD9973002AB159 /* Repository */,
				C42F212F2AD8802700D45D7B /* States */,
				C42F21252AD86C9600D45D7B /* Screens */,
				C42F21222AD8691500D45D7B /* Base */,
				C42F211F2AD864B600D45D7B /* Models */,
				C42F20F12AD861A700D45D7B /* Football_GeekApp.swift */,
				C42F20F72AD861A900D45D7B /* Assets.xcassets */,
				C42F20F92AD861A900D45D7B /* Preview Content */,
			);
			path = "Football Geek";
			sourceTree = "<group>";
		};
		C42F20F92AD861A900D45D7B /* Preview Content */ = {
			isa = PBXGroup;
			children = (
				C42F20FA2AD861A900D45D7B /* Preview Assets.xcassets */,
			);
			path = "Preview Content";
			sourceTree = "<group>";
		};
		C42F21032AD861A900D45D7B /* Football GeekTests */ = {
			isa = PBXGroup;
			children = (
				C42F21042AD861A900D45D7B /* Football_GeekTests.swift */,
			);
			path = "Football GeekTests";
			sourceTree = "<group>";
		};
		C42F210D2AD861A900D45D7B /* Football GeekUITests */ = {
			isa = PBXGroup;
			children = (
				C42F210E2AD861A900D45D7B /* Football_GeekUITests.swift */,
				C42F21102AD861A900D45D7B /* Football_GeekUITestsLaunchTests.swift */,
			);
			path = "Football GeekUITests";
			sourceTree = "<group>";
		};
		C42F211F2AD864B600D45D7B /* Models */ = {
			isa = PBXGroup;
			children = (
				C42F21202AD864CB00D45D7B /* StandingsUIModel.swift */,
				C4D508762AE839C800223896 /* DropDownTimeModel.swift */,
				C40CD72A2AEACAB400E722F1 /* CompetitionUIModel.swift */,
			);
			path = Models;
			sourceTree = "<group>";
		};
		C42F21222AD8691500D45D7B /* Base */ = {
			isa = PBXGroup;
			children = (
				C43F2F4E2ADDA323002AB159 /* UseCase.swift */,
				C42F212B2AD87D6100D45D7B /* ViewModel.swift */,
			);
			path = Base;
			sourceTree = "<group>";
		};
		C42F21252AD86C9600D45D7B /* Screens */ = {
			isa = PBXGroup;
			children = (
				C45727982AE191850054195B /* UIComponent */,
				C45727922AE16D500054195B /* SettingsScreen */,
				C457278F2AE16CAC0054195B /* HomeScreen */,
				C42F21262AD86CA100D45D7B /* StandingsScreen */,
			);
			path = Screens;
			sourceTree = "<group>";
		};
		C42F21262AD86CA100D45D7B /* StandingsScreen */ = {
			isa = PBXGroup;
			children = (
				C40CD72C2AEAE7F000E722F1 /* StandingsScreenItems */,
				C42F21232AD8692800D45D7B /* StandingScreenViewModel.swift */,
				C42F211D2AD8647F00D45D7B /* StandingsContent.swift */,
				C42F212D2AD87EE700D45D7B /* StandingsContract.swift */,
			);
			path = StandingsScreen;
			sourceTree = "<group>";
		};
		C42F212F2AD8802700D45D7B /* States */ = {
			isa = PBXGroup;
			children = (
				C42F21322AD8803F00D45D7B /* UIEffect.swift */,
			);
			path = States;
			sourceTree = "<group>";
		};
		C43F2F342ADD9973002AB159 /* Repository */ = {
			isa = PBXGroup;
			children = (
				C457279D2AE19A0B0054195B /* LocalRepository */,
				C43F2F482ADDA013002AB159 /* Error */,
				C43F2F352ADD9984002AB159 /* StandingsService.swift */,
				C43F2F3A2ADD9B5C002AB159 /* StandingsServiceImpl.swift */,
			);
			path = Repository;
			sourceTree = "<group>";
		};
		C43F2F3C2ADD9B7A002AB159 /* DAO */ = {
			isa = PBXGroup;
			children = (
				C4A362352AEAC24800AF4A2C /* Competition.swift */,
				C43F2F3F2ADD9CC8002AB159 /* Standings */,
			);
			path = DAO;
			sourceTree = "<group>";
		};
		C43F2F3F2ADD9CC8002AB159 /* Standings */ = {
			isa = PBXGroup;
			children = (
				C43F2F452ADD9E62002AB159 /* Request */,
				C43F2F442ADD9E57002AB159 /* Response */,
			);
			path = Standings;
			sourceTree = "<group>";
		};
		C43F2F442ADD9E57002AB159 /* Response */ = {
			isa = PBXGroup;
			children = (
				C43F2F3D2ADD9B8E002AB159 /* StandingsModel.swift */,
				C457278B2AE058180054195B /* StandingsData.swift */,
				C457278D2AE058360054195B /* StandingTables.swift */,
			);
			path = Response;
			sourceTree = "<group>";
		};
		C43F2F452ADD9E62002AB159 /* Request */ = {
			isa = PBXGroup;
			children = (
			);
			path = Request;
			sourceTree = "<group>";
		};
		C43F2F482ADDA013002AB159 /* Error */ = {
			isa = PBXGroup;
			children = (
				C43F2F492ADDA01F002AB159 /* NetworkError.swift */,
				C49CEA802AEAEA570049355C /* StandingsLocalModel.swift */,
			);
			path = Error;
			sourceTree = "<group>";
		};
		C43F2F4B2ADDA30E002AB159 /* UseCase */ = {
			isa = PBXGroup;
			children = (
				C43F2F4C2ADDA31C002AB159 /* GetStandingsUseCase.swift */,
				C45727A02AE19C4F0054195B /* SaveCacheIsOnUseCase.swift */,
				C45727A22AE19D6F0054195B /* GetCacheCanBeUsed.swift */,
				C45727A42AE19DC80054195B /* ArgumentedUseCase.swift */,
				C4A3623B2AEAC6D500AF4A2C /* GetCompetitionsUseCase.swift */,
				C4C8F0132AEB0FC000CA2587 /* RefreshLocalStandingsUseCase.swift */,
				C496FA392AEB33C300140CA2 /* GetLocalStandingsUseCase.swift */,
			);
			path = UseCase;
			sourceTree = "<group>";
		};
		C457278F2AE16CAC0054195B /* HomeScreen */ = {
			isa = PBXGroup;
			children = (
				C45727902AE16CBC0054195B /* HomeContent.swift */,
			);
			path = HomeScreen;
			sourceTree = "<group>";
		};
		C45727922AE16D500054195B /* SettingsScreen */ = {
			isa = PBXGroup;
			children = (
				C457279B2AE197280054195B /* SettingsViewModel.swift */,
				C45727932AE16D5B0054195B /* SettingsContent.swift */,
				C45727962AE18FA90054195B /* SettingsContract.swift */,
			);
			path = SettingsScreen;
			sourceTree = "<group>";
		};
		C45727982AE191850054195B /* UIComponent */ = {
			isa = PBXGroup;
			children = (
				C4D508742AE8346100223896 /* DropDownMenu.swift */,
				C45727992AE191950054195B /* CommonUI.swift */,
			);
			path = UIComponent;
			sourceTree = "<group>";
		};
		C457279D2AE19A0B0054195B /* LocalRepository */ = {
			isa = PBXGroup;
			children = (
				C457279E2AE19A180054195B /* KeyValueStorage.swift */,
				C45727A92AE1A6360054195B /* PersistenceController.swift */,
				C485AE112AE1AB0900627ED8 /* LocalRepository.swift */,
				C485AE132AE1AB3800627ED8 /* LocalRepositoryImpl.swift */,
			);
			path = LocalRepository;
			sourceTree = "<group>";
		};
		C4B66D542AE29AD70036777E /* Utils */ = {
			isa = PBXGroup;
			children = (
				C46217182AE1CAE80076C04D /* ModelsExtension.swift */,
				C4B66D552AE29AE00036777E /* TimeHelper.swift */,
				C49CEA822AEAEB0B0049355C /* ViewModelsExtension.swift */,
				C4C8F0182AEB18AB00CA2587 /* Connectivity.swift */,
			);
			path = Utils;
			sourceTree = "<group>";
		};
/* End PBXGroup section */

/* Begin PBXNativeTarget section */
		C42F20ED2AD861A700D45D7B /* Football Geek */ = {
			isa = PBXNativeTarget;
			buildConfigurationList = C42F21142AD861A900D45D7B /* Build configuration list for PBXNativeTarget "Football Geek" */;
			buildPhases = (
				C42F20EA2AD861A700D45D7B /* Sources */,
				C42F20EB2AD861A700D45D7B /* Frameworks */,
				C42F20EC2AD861A700D45D7B /* Resources */,
			);
			buildRules = (
			);
			dependencies = (
			);
			name = "Football Geek";
			packageProductDependencies = (
				C4C8F0162AEB184E00CA2587 /* Alamofire */,
			);
			productName = "Football Geek";
			productReference = C42F20EE2AD861A700D45D7B /* Football Geek.app */;
			productType = "com.apple.product-type.application";
		};
		C42F20FF2AD861A900D45D7B /* Football GeekTests */ = {
			isa = PBXNativeTarget;
			buildConfigurationList = C42F21172AD861A900D45D7B /* Build configuration list for PBXNativeTarget "Football GeekTests" */;
			buildPhases = (
				C42F20FC2AD861A900D45D7B /* Sources */,
				C42F20FD2AD861A900D45D7B /* Frameworks */,
				C42F20FE2AD861A900D45D7B /* Resources */,
			);
			buildRules = (
			);
			dependencies = (
				C42F21022AD861A900D45D7B /* PBXTargetDependency */,
			);
			name = "Football GeekTests";
			productName = "Football GeekTests";
			productReference = C42F21002AD861A900D45D7B /* Football GeekTests.xctest */;
			productType = "com.apple.product-type.bundle.unit-test";
		};
		C42F21092AD861A900D45D7B /* Football GeekUITests */ = {
			isa = PBXNativeTarget;
			buildConfigurationList = C42F211A2AD861A900D45D7B /* Build configuration list for PBXNativeTarget "Football GeekUITests" */;
			buildPhases = (
				C42F21062AD861A900D45D7B /* Sources */,
				C42F21072AD861A900D45D7B /* Frameworks */,
				C42F21082AD861A900D45D7B /* Resources */,
			);
			buildRules = (
			);
			dependencies = (
				C42F210C2AD861A900D45D7B /* PBXTargetDependency */,
			);
			name = "Football GeekUITests";
			productName = "Football GeekUITests";
			productReference = C42F210A2AD861A900D45D7B /* Football GeekUITests.xctest */;
			productType = "com.apple.product-type.bundle.ui-testing";
		};
/* End PBXNativeTarget section */

/* Begin PBXProject section */
		C42F20E62AD861A700D45D7B /* Project object */ = {
			isa = PBXProject;
			attributes = {
				BuildIndependentTargetsInParallel = 1;
				LastSwiftUpdateCheck = 1500;
				LastUpgradeCheck = 1500;
				TargetAttributes = {
					C42F20ED2AD861A700D45D7B = {
						CreatedOnToolsVersion = 15.0;
					};
					C42F20FF2AD861A900D45D7B = {
						CreatedOnToolsVersion = 15.0;
						TestTargetID = C42F20ED2AD861A700D45D7B;
					};
					C42F21092AD861A900D45D7B = {
						CreatedOnToolsVersion = 15.0;
						TestTargetID = C42F20ED2AD861A700D45D7B;
					};
				};
			};
			buildConfigurationList = C42F20E92AD861A700D45D7B /* Build configuration list for PBXProject "Football Geek" */;
			compatibilityVersion = "Xcode 14.0";
			developmentRegion = en;
			hasScannedForEncodings = 0;
			knownRegions = (
				en,
				Base,
			);
			mainGroup = C42F20E52AD861A700D45D7B;
			packageReferences = (
				C4C8F0152AEB184E00CA2587 /* XCRemoteSwiftPackageReference "Alamofire" */,
			);
			productRefGroup = C42F20EF2AD861A700D45D7B /* Products */;
			projectDirPath = "";
			projectRoot = "";
			targets = (
				C42F20ED2AD861A700D45D7B /* Football Geek */,
				C42F20FF2AD861A900D45D7B /* Football GeekTests */,
				C42F21092AD861A900D45D7B /* Football GeekUITests */,
			);
		};
/* End PBXProject section */

/* Begin PBXResourcesBuildPhase section */
		C42F20EC2AD861A700D45D7B /* Resources */ = {
			isa = PBXResourcesBuildPhase;
			buildActionMask = 2147483647;
			files = (
				C42F20FB2AD861A900D45D7B /* Preview Assets.xcassets in Resources */,
				C42F20F82AD861A900D45D7B /* Assets.xcassets in Resources */,
			);
			runOnlyForDeploymentPostprocessing = 0;
		};
		C42F20FE2AD861A900D45D7B /* Resources */ = {
			isa = PBXResourcesBuildPhase;
			buildActionMask = 2147483647;
			files = (
			);
			runOnlyForDeploymentPostprocessing = 0;
		};
		C42F21082AD861A900D45D7B /* Resources */ = {
			isa = PBXResourcesBuildPhase;
			buildActionMask = 2147483647;
			files = (
			);
			runOnlyForDeploymentPostprocessing = 0;
		};
/* End PBXResourcesBuildPhase section */

/* Begin PBXSourcesBuildPhase section */
		C42F20EA2AD861A700D45D7B /* Sources */ = {
			isa = PBXSourcesBuildPhase;
			buildActionMask = 2147483647;
			files = (
				C45727912AE16CBC0054195B /* HomeContent.swift in Sources */,
				C43F2F4F2ADDA323002AB159 /* UseCase.swift in Sources */,
				C4C8F0192AEB18AB00CA2587 /* Connectivity.swift in Sources */,
				C485AE142AE1AB3800627ED8 /* LocalRepositoryImpl.swift in Sources */,
				C457278E2AE058360054195B /* StandingTables.swift in Sources */,
				C42F212C2AD87D6100D45D7B /* ViewModel.swift in Sources */,
				C485AE122AE1AB0A00627ED8 /* LocalRepository.swift in Sources */,
				C4A3623A2AEAC5A200AF4A2C /* StandingsCompetitionItem.swift in Sources */,
				C45727A32AE19D6F0054195B /* GetCacheCanBeUsed.swift in Sources */,
				C46217192AE1CAE80076C04D /* ModelsExtension.swift in Sources */,
				C45727A12AE19C4F0054195B /* SaveCacheIsOnUseCase.swift in Sources */,
				C43F2F3E2ADD9B8E002AB159 /* StandingsModel.swift in Sources */,
				C496FA3A2AEB33C300140CA2 /* GetLocalStandingsUseCase.swift in Sources */,
				C42F21242AD8692800D45D7B /* StandingScreenViewModel.swift in Sources */,
				C45727972AE18FA90054195B /* SettingsContract.swift in Sources */,
				C42F20F22AD861A700D45D7B /* Football_GeekApp.swift in Sources */,
				C457279A2AE191950054195B /* CommonUI.swift in Sources */,
				C4137DEA2AE72E1300063761 /* DIExtensions.swift in Sources */,
				C42F212E2AD87EE700D45D7B /* StandingsContract.swift in Sources */,
				C49CEA812AEAEA570049355C /* StandingsLocalModel.swift in Sources */,
				C42F21332AD8803F00D45D7B /* UIEffect.swift in Sources */,
				C42F211E2AD8647F00D45D7B /* StandingsContent.swift in Sources */,
				C457279F2AE19A180054195B /* KeyValueStorage.swift in Sources */,
				C43F2F362ADD9984002AB159 /* StandingsService.swift in Sources */,
				C4C8F01B2AEB1B0F00CA2587 /* InternetWarningContent.swift in Sources */,
				C45727942AE16D5B0054195B /* SettingsContent.swift in Sources */,
				C4D508752AE8346100223896 /* DropDownMenu.swift in Sources */,
				C43F2F4D2ADDA31C002AB159 /* GetStandingsUseCase.swift in Sources */,
				C457279C2AE197280054195B /* SettingsViewModel.swift in Sources */,
				C4137DE22AE7200A00063761 /* DIManager.swift in Sources */,
				C45727A82AE1A4D00054195B /* LocalData.xcdatamodeld in Sources */,
				C43F2F3B2ADD9B5C002AB159 /* StandingsServiceImpl.swift in Sources */,
				C457278C2AE058180054195B /* StandingsData.swift in Sources */,
				C43F2F4A2ADDA01F002AB159 /* NetworkError.swift in Sources */,
				C4D508772AE839C800223896 /* DropDownTimeModel.swift in Sources */,
				C49CEA832AEAEB0B0049355C /* ViewModelsExtension.swift in Sources */,
				C4B66D562AE29AE00036777E /* TimeHelper.swift in Sources */,
				C4A362362AEAC24800AF4A2C /* Competition.swift in Sources */,
				C4C8F0142AEB0FC000CA2587 /* RefreshLocalStandingsUseCase.swift in Sources */,
				C45727AA2AE1A6360054195B /* PersistenceController.swift in Sources */,
				C4137DE42AE725AE00063761 /* DIProperty.swift in Sources */,
				C42F21212AD864CB00D45D7B /* StandingsUIModel.swift in Sources */,
				C4A3623C2AEAC6D500AF4A2C /* GetCompetitionsUseCase.swift in Sources */,
				C40CD72B2AEACAB400E722F1 /* CompetitionUIModel.swift in Sources */,
				C4A362382AEAC48800AF4A2C /* StandingsItems.swift in Sources */,
				C45727A52AE19DC80054195B /* ArgumentedUseCase.swift in Sources */,
			);
			runOnlyForDeploymentPostprocessing = 0;
		};
		C42F20FC2AD861A900D45D7B /* Sources */ = {
			isa = PBXSourcesBuildPhase;
			buildActionMask = 2147483647;
			files = (
				C42F21052AD861A900D45D7B /* Football_GeekTests.swift in Sources */,
			);
			runOnlyForDeploymentPostprocessing = 0;
		};
		C42F21062AD861A900D45D7B /* Sources */ = {
			isa = PBXSourcesBuildPhase;
			buildActionMask = 2147483647;
			files = (
				C42F210F2AD861A900D45D7B /* Football_GeekUITests.swift in Sources */,
				C42F21112AD861A900D45D7B /* Football_GeekUITestsLaunchTests.swift in Sources */,
			);
			runOnlyForDeploymentPostprocessing = 0;
		};
/* End PBXSourcesBuildPhase section */

/* Begin PBXTargetDependency section */
		C42F21022AD861A900D45D7B /* PBXTargetDependency */ = {
			isa = PBXTargetDependency;
			target = C42F20ED2AD861A700D45D7B /* Football Geek */;
			targetProxy = C42F21012AD861A900D45D7B /* PBXContainerItemProxy */;
		};
		C42F210C2AD861A900D45D7B /* PBXTargetDependency */ = {
			isa = PBXTargetDependency;
			target = C42F20ED2AD861A700D45D7B /* Football Geek */;
			targetProxy = C42F210B2AD861A900D45D7B /* PBXContainerItemProxy */;
		};
/* End PBXTargetDependency section */

/* Begin XCBuildConfiguration section */
		C42F21122AD861A900D45D7B /* Debug */ = {
			isa = XCBuildConfiguration;
			buildSettings = {
				ALWAYS_SEARCH_USER_PATHS = NO;
				ASSETCATALOG_COMPILER_GENERATE_SWIFT_ASSET_SYMBOL_EXTENSIONS = YES;
				CLANG_ANALYZER_NONNULL = YES;
				CLANG_ANALYZER_NUMBER_OBJECT_CONVERSION = YES_AGGRESSIVE;
				CLANG_CXX_LANGUAGE_STANDARD = "gnu++20";
				CLANG_ENABLE_MODULES = YES;
				CLANG_ENABLE_OBJC_ARC = YES;
				CLANG_ENABLE_OBJC_WEAK = YES;
				CLANG_WARN_BLOCK_CAPTURE_AUTORELEASING = YES;
				CLANG_WARN_BOOL_CONVERSION = YES;
				CLANG_WARN_COMMA = YES;
				CLANG_WARN_CONSTANT_CONVERSION = YES;
				CLANG_WARN_DEPRECATED_OBJC_IMPLEMENTATIONS = YES;
				CLANG_WARN_DIRECT_OBJC_ISA_USAGE = YES_ERROR;
				CLANG_WARN_DOCUMENTATION_COMMENTS = YES;
				CLANG_WARN_EMPTY_BODY = YES;
				CLANG_WARN_ENUM_CONVERSION = YES;
				CLANG_WARN_INFINITE_RECURSION = YES;
				CLANG_WARN_INT_CONVERSION = YES;
				CLANG_WARN_NON_LITERAL_NULL_CONVERSION = YES;
				CLANG_WARN_OBJC_IMPLICIT_RETAIN_SELF = YES;
				CLANG_WARN_OBJC_LITERAL_CONVERSION = YES;
				CLANG_WARN_OBJC_ROOT_CLASS = YES_ERROR;
				CLANG_WARN_QUOTED_INCLUDE_IN_FRAMEWORK_HEADER = YES;
				CLANG_WARN_RANGE_LOOP_ANALYSIS = YES;
				CLANG_WARN_STRICT_PROTOTYPES = YES;
				CLANG_WARN_SUSPICIOUS_MOVE = YES;
				CLANG_WARN_UNGUARDED_AVAILABILITY = YES_AGGRESSIVE;
				CLANG_WARN_UNREACHABLE_CODE = YES;
				CLANG_WARN__DUPLICATE_METHOD_MATCH = YES;
				COPY_PHASE_STRIP = NO;
				DEBUG_INFORMATION_FORMAT = dwarf;
				ENABLE_STRICT_OBJC_MSGSEND = YES;
				ENABLE_TESTABILITY = YES;
				ENABLE_USER_SCRIPT_SANDBOXING = YES;
				GCC_C_LANGUAGE_STANDARD = gnu17;
				GCC_DYNAMIC_NO_PIC = NO;
				GCC_NO_COMMON_BLOCKS = YES;
				GCC_OPTIMIZATION_LEVEL = 0;
				GCC_PREPROCESSOR_DEFINITIONS = (
					"DEBUG=1",
					"$(inherited)",
				);
				GCC_WARN_64_TO_32_BIT_CONVERSION = YES;
				GCC_WARN_ABOUT_RETURN_TYPE = YES_ERROR;
				GCC_WARN_UNDECLARED_SELECTOR = YES;
				GCC_WARN_UNINITIALIZED_AUTOS = YES_AGGRESSIVE;
				GCC_WARN_UNUSED_FUNCTION = YES;
				GCC_WARN_UNUSED_VARIABLE = YES;
				IPHONEOS_DEPLOYMENT_TARGET = 17.0;
				LOCALIZATION_PREFERS_STRING_CATALOGS = YES;
				MTL_ENABLE_DEBUG_INFO = INCLUDE_SOURCE;
				MTL_FAST_MATH = YES;
				ONLY_ACTIVE_ARCH = YES;
				SDKROOT = iphoneos;
				SWIFT_ACTIVE_COMPILATION_CONDITIONS = "DEBUG $(inherited)";
				SWIFT_OPTIMIZATION_LEVEL = "-Onone";
			};
			name = Debug;
		};
		C42F21132AD861A900D45D7B /* Release */ = {
			isa = XCBuildConfiguration;
			buildSettings = {
				ALWAYS_SEARCH_USER_PATHS = NO;
				ASSETCATALOG_COMPILER_GENERATE_SWIFT_ASSET_SYMBOL_EXTENSIONS = YES;
				CLANG_ANALYZER_NONNULL = YES;
				CLANG_ANALYZER_NUMBER_OBJECT_CONVERSION = YES_AGGRESSIVE;
				CLANG_CXX_LANGUAGE_STANDARD = "gnu++20";
				CLANG_ENABLE_MODULES = YES;
				CLANG_ENABLE_OBJC_ARC = YES;
				CLANG_ENABLE_OBJC_WEAK = YES;
				CLANG_WARN_BLOCK_CAPTURE_AUTORELEASING = YES;
				CLANG_WARN_BOOL_CONVERSION = YES;
				CLANG_WARN_COMMA = YES;
				CLANG_WARN_CONSTANT_CONVERSION = YES;
				CLANG_WARN_DEPRECATED_OBJC_IMPLEMENTATIONS = YES;
				CLANG_WARN_DIRECT_OBJC_ISA_USAGE = YES_ERROR;
				CLANG_WARN_DOCUMENTATION_COMMENTS = YES;
				CLANG_WARN_EMPTY_BODY = YES;
				CLANG_WARN_ENUM_CONVERSION = YES;
				CLANG_WARN_INFINITE_RECURSION = YES;
				CLANG_WARN_INT_CONVERSION = YES;
				CLANG_WARN_NON_LITERAL_NULL_CONVERSION = YES;
				CLANG_WARN_OBJC_IMPLICIT_RETAIN_SELF = YES;
				CLANG_WARN_OBJC_LITERAL_CONVERSION = YES;
				CLANG_WARN_OBJC_ROOT_CLASS = YES_ERROR;
				CLANG_WARN_QUOTED_INCLUDE_IN_FRAMEWORK_HEADER = YES;
				CLANG_WARN_RANGE_LOOP_ANALYSIS = YES;
				CLANG_WARN_STRICT_PROTOTYPES = YES;
				CLANG_WARN_SUSPICIOUS_MOVE = YES;
				CLANG_WARN_UNGUARDED_AVAILABILITY = YES_AGGRESSIVE;
				CLANG_WARN_UNREACHABLE_CODE = YES;
				CLANG_WARN__DUPLICATE_METHOD_MATCH = YES;
				COPY_PHASE_STRIP = NO;
				DEBUG_INFORMATION_FORMAT = "dwarf-with-dsym";
				ENABLE_NS_ASSERTIONS = NO;
				ENABLE_STRICT_OBJC_MSGSEND = YES;
				ENABLE_USER_SCRIPT_SANDBOXING = YES;
				GCC_C_LANGUAGE_STANDARD = gnu17;
				GCC_NO_COMMON_BLOCKS = YES;
				GCC_WARN_64_TO_32_BIT_CONVERSION = YES;
				GCC_WARN_ABOUT_RETURN_TYPE = YES_ERROR;
				GCC_WARN_UNDECLARED_SELECTOR = YES;
				GCC_WARN_UNINITIALIZED_AUTOS = YES_AGGRESSIVE;
				GCC_WARN_UNUSED_FUNCTION = YES;
				GCC_WARN_UNUSED_VARIABLE = YES;
				IPHONEOS_DEPLOYMENT_TARGET = 17.0;
				LOCALIZATION_PREFERS_STRING_CATALOGS = YES;
				MTL_ENABLE_DEBUG_INFO = NO;
				MTL_FAST_MATH = YES;
				SDKROOT = iphoneos;
				SWIFT_COMPILATION_MODE = wholemodule;
				VALIDATE_PRODUCT = YES;
			};
			name = Release;
		};
		C42F21152AD861A900D45D7B /* Debug */ = {
			isa = XCBuildConfiguration;
			buildSettings = {
				ASSETCATALOG_COMPILER_APPICON_NAME = AppIcon;
				ASSETCATALOG_COMPILER_GLOBAL_ACCENT_COLOR_NAME = AccentColor;
				CODE_SIGN_STYLE = Automatic;
				CURRENT_PROJECT_VERSION = 1;
				DEVELOPMENT_ASSET_PATHS = "\"Football Geek/Preview Content\"";
				DEVELOPMENT_TEAM = 3WCX72BW5N;
				ENABLE_PREVIEWS = YES;
				GENERATE_INFOPLIST_FILE = YES;
				INFOPLIST_KEY_UIApplicationSceneManifest_Generation = YES;
				INFOPLIST_KEY_UIApplicationSupportsIndirectInputEvents = YES;
				INFOPLIST_KEY_UILaunchScreen_Generation = YES;
				INFOPLIST_KEY_UISupportedInterfaceOrientations_iPad = "UIInterfaceOrientationPortrait UIInterfaceOrientationPortraitUpsideDown UIInterfaceOrientationLandscapeLeft UIInterfaceOrientationLandscapeRight";
				INFOPLIST_KEY_UISupportedInterfaceOrientations_iPhone = "UIInterfaceOrientationPortrait UIInterfaceOrientationLandscapeLeft UIInterfaceOrientationLandscapeRight";
				LD_RUNPATH_SEARCH_PATHS = (
					"$(inherited)",
					"@executable_path/Frameworks",
				);
				MARKETING_VERSION = 1.0;
				PRODUCT_BUNDLE_IDENTIFIER = "com.devartgames.football.geek.Football-Geek";
				PRODUCT_NAME = "$(TARGET_NAME)";
				SWIFT_EMIT_LOC_STRINGS = YES;
				SWIFT_VERSION = 5.0;
				TARGETED_DEVICE_FAMILY = "1,2";
			};
			name = Debug;
		};
		C42F21162AD861A900D45D7B /* Release */ = {
			isa = XCBuildConfiguration;
			buildSettings = {
				ASSETCATALOG_COMPILER_APPICON_NAME = AppIcon;
				ASSETCATALOG_COMPILER_GLOBAL_ACCENT_COLOR_NAME = AccentColor;
				CODE_SIGN_STYLE = Automatic;
				CURRENT_PROJECT_VERSION = 1;
				DEVELOPMENT_ASSET_PATHS = "\"Football Geek/Preview Content\"";
				DEVELOPMENT_TEAM = 3WCX72BW5N;
				ENABLE_PREVIEWS = YES;
				GENERATE_INFOPLIST_FILE = YES;
				INFOPLIST_KEY_UIApplicationSceneManifest_Generation = YES;
				INFOPLIST_KEY_UIApplicationSupportsIndirectInputEvents = YES;
				INFOPLIST_KEY_UILaunchScreen_Generation = YES;
				INFOPLIST_KEY_UISupportedInterfaceOrientations_iPad = "UIInterfaceOrientationPortrait UIInterfaceOrientationPortraitUpsideDown UIInterfaceOrientationLandscapeLeft UIInterfaceOrientationLandscapeRight";
				INFOPLIST_KEY_UISupportedInterfaceOrientations_iPhone = "UIInterfaceOrientationPortrait UIInterfaceOrientationLandscapeLeft UIInterfaceOrientationLandscapeRight";
				LD_RUNPATH_SEARCH_PATHS = (
					"$(inherited)",
					"@executable_path/Frameworks",
				);
				MARKETING_VERSION = 1.0;
				PRODUCT_BUNDLE_IDENTIFIER = "com.devartgames.football.geek.Football-Geek";
				PRODUCT_NAME = "$(TARGET_NAME)";
				SWIFT_EMIT_LOC_STRINGS = YES;
				SWIFT_VERSION = 5.0;
				TARGETED_DEVICE_FAMILY = "1,2";
			};
			name = Release;
		};
		C42F21182AD861A900D45D7B /* Debug */ = {
			isa = XCBuildConfiguration;
			buildSettings = {
				ALWAYS_EMBED_SWIFT_STANDARD_LIBRARIES = YES;
				BUNDLE_LOADER = "$(TEST_HOST)";
				CODE_SIGN_STYLE = Automatic;
				CURRENT_PROJECT_VERSION = 1;
				DEVELOPMENT_TEAM = 3WCX72BW5N;
				GENERATE_INFOPLIST_FILE = YES;
				IPHONEOS_DEPLOYMENT_TARGET = 17.0;
				MARKETING_VERSION = 1.0;
				PRODUCT_BUNDLE_IDENTIFIER = "com.devartgames.football.geek.Football-GeekTests";
				PRODUCT_NAME = "$(TARGET_NAME)";
				SWIFT_EMIT_LOC_STRINGS = NO;
				SWIFT_VERSION = 5.0;
				TARGETED_DEVICE_FAMILY = "1,2";
				TEST_HOST = "$(BUILT_PRODUCTS_DIR)/Football Geek.app/$(BUNDLE_EXECUTABLE_FOLDER_PATH)/Football Geek";
			};
			name = Debug;
		};
		C42F21192AD861A900D45D7B /* Release */ = {
			isa = XCBuildConfiguration;
			buildSettings = {
				ALWAYS_EMBED_SWIFT_STANDARD_LIBRARIES = YES;
				BUNDLE_LOADER = "$(TEST_HOST)";
				CODE_SIGN_STYLE = Automatic;
				CURRENT_PROJECT_VERSION = 1;
				DEVELOPMENT_TEAM = 3WCX72BW5N;
				GENERATE_INFOPLIST_FILE = YES;
				IPHONEOS_DEPLOYMENT_TARGET = 17.0;
				MARKETING_VERSION = 1.0;
				PRODUCT_BUNDLE_IDENTIFIER = "com.devartgames.football.geek.Football-GeekTests";
				PRODUCT_NAME = "$(TARGET_NAME)";
				SWIFT_EMIT_LOC_STRINGS = NO;
				SWIFT_VERSION = 5.0;
				TARGETED_DEVICE_FAMILY = "1,2";
				TEST_HOST = "$(BUILT_PRODUCTS_DIR)/Football Geek.app/$(BUNDLE_EXECUTABLE_FOLDER_PATH)/Football Geek";
			};
			name = Release;
		};
		C42F211B2AD861A900D45D7B /* Debug */ = {
			isa = XCBuildConfiguration;
			buildSettings = {
				ALWAYS_EMBED_SWIFT_STANDARD_LIBRARIES = YES;
				CODE_SIGN_STYLE = Automatic;
				CURRENT_PROJECT_VERSION = 1;
				DEVELOPMENT_TEAM = 3WCX72BW5N;
				GENERATE_INFOPLIST_FILE = YES;
				MARKETING_VERSION = 1.0;
				PRODUCT_BUNDLE_IDENTIFIER = "com.devartgames.football.geek.Football-GeekUITests";
				PRODUCT_NAME = "$(TARGET_NAME)";
				SWIFT_EMIT_LOC_STRINGS = NO;
				SWIFT_VERSION = 5.0;
				TARGETED_DEVICE_FAMILY = "1,2";
				TEST_TARGET_NAME = "Football Geek";
			};
			name = Debug;
		};
		C42F211C2AD861A900D45D7B /* Release */ = {
			isa = XCBuildConfiguration;
			buildSettings = {
				ALWAYS_EMBED_SWIFT_STANDARD_LIBRARIES = YES;
				CODE_SIGN_STYLE = Automatic;
				CURRENT_PROJECT_VERSION = 1;
				DEVELOPMENT_TEAM = 3WCX72BW5N;
				GENERATE_INFOPLIST_FILE = YES;
				MARKETING_VERSION = 1.0;
				PRODUCT_BUNDLE_IDENTIFIER = "com.devartgames.football.geek.Football-GeekUITests";
				PRODUCT_NAME = "$(TARGET_NAME)";
				SWIFT_EMIT_LOC_STRINGS = NO;
				SWIFT_VERSION = 5.0;
				TARGETED_DEVICE_FAMILY = "1,2";
				TEST_TARGET_NAME = "Football Geek";
			};
			name = Release;
		};
/* End XCBuildConfiguration section */

/* Begin XCConfigurationList section */
		C42F20E92AD861A700D45D7B /* Build configuration list for PBXProject "Football Geek" */ = {
			isa = XCConfigurationList;
			buildConfigurations = (
				C42F21122AD861A900D45D7B /* Debug */,
				C42F21132AD861A900D45D7B /* Release */,
			);
			defaultConfigurationIsVisible = 0;
			defaultConfigurationName = Release;
		};
		C42F21142AD861A900D45D7B /* Build configuration list for PBXNativeTarget "Football Geek" */ = {
			isa = XCConfigurationList;
			buildConfigurations = (
				C42F21152AD861A900D45D7B /* Debug */,
				C42F21162AD861A900D45D7B /* Release */,
			);
			defaultConfigurationIsVisible = 0;
			defaultConfigurationName = Release;
		};
		C42F21172AD861A900D45D7B /* Build configuration list for PBXNativeTarget "Football GeekTests" */ = {
			isa = XCConfigurationList;
			buildConfigurations = (
				C42F21182AD861A900D45D7B /* Debug */,
				C42F21192AD861A900D45D7B /* Release */,
			);
			defaultConfigurationIsVisible = 0;
			defaultConfigurationName = Release;
		};
		C42F211A2AD861A900D45D7B /* Build configuration list for PBXNativeTarget "Football GeekUITests" */ = {
			isa = XCConfigurationList;
			buildConfigurations = (
				C42F211B2AD861A900D45D7B /* Debug */,
				C42F211C2AD861A900D45D7B /* Release */,
			);
			defaultConfigurationIsVisible = 0;
			defaultConfigurationName = Release;
		};
/* End XCConfigurationList section */

/* Begin XCRemoteSwiftPackageReference section */
		C4C8F0152AEB184E00CA2587 /* XCRemoteSwiftPackageReference "Alamofire" */ = {
			isa = XCRemoteSwiftPackageReference;
			repositoryURL = "https://github.com/Alamofire/Alamofire#network-reachability";
			requirement = {
				kind = upToNextMajorVersion;
				minimumVersion = 5.8.1;
			};
		};
/* End XCRemoteSwiftPackageReference section */

/* Begin XCSwiftPackageProductDependency section */
		C4C8F0162AEB184E00CA2587 /* Alamofire */ = {
			isa = XCSwiftPackageProductDependency;
			package = C4C8F0152AEB184E00CA2587 /* XCRemoteSwiftPackageReference "Alamofire" */;
			productName = Alamofire;
		};
/* End XCSwiftPackageProductDependency section */

/* Begin XCVersionGroup section */
		C45727A62AE1A4D00054195B /* LocalData.xcdatamodeld */ = {
			isa = XCVersionGroup;
			children = (
				C45727A72AE1A4D00054195B /* LocalData.xcdatamodel */,
			);
			currentVersion = C45727A72AE1A4D00054195B /* LocalData.xcdatamodel */;
			path = LocalData.xcdatamodeld;
			sourceTree = "<group>";
			versionGroupType = wrapper.xcdatamodel;
		};
/* End XCVersionGroup section */
	};
	rootObject = C42F20E62AD861A700D45D7B /* Project object */;
}
